
Microsoft Visual Studio Solution File, Format Version 12.00
# Visual Studio Version 16
VisualStudioVersion = 16.0.30523.141
MinimumVisualStudioVersion = 10.0.40219.1
Project("{FAE04EC0-301F-11D3-BF4B-00C04F79EFBC}") = "WinForms", "WinForms\WinForms.csproj", "{43D13964-2A2A-4DA9-BCB2-DDF0695677DF}"
EndProject
Project("{FAE04EC0-301F-11D3-BF4B-00C04F79EFBC}") = "MatrixLibrary", "MatrixLibrary\MatrixLibrary.csproj", "{8582A3BA-9C48-4C2D-BD63-701943986C2D}"
EndProject
Global
	GlobalSection(SolutionConfigurationPlatforms) = preSolution
		Debug|Any CPU = Debug|Any CPU
		Release|Any CPU = Release|Any CPU
	EndGlobalSection
	GlobalSection(ProjectConfigurationPlatforms) = postSolution
		{43D13964-2A2A-4DA9-BCB2-DDF0695677DF}.Debug|Any CPU.ActiveCfg = Debug|Any CPU
		{43D13964-2A2A-4DA9-BCB2-DDF0695677DF}.Debug|Any CPU.Build.0 = Debug|Any CPU
		{43D13964-2A2A-4DA9-BCB2-DDF0695677DF}.Release|Any CPU.ActiveCfg = Release|Any CPU
		{43D13964-2A2A-4DA9-BCB2-DDF0695677DF}.Release|Any CPU.Build.0 = Release|Any CPU
		{8582A3BA-9C48-4C2D-BD63-701943986C2D}.Debug|Any CPU.ActiveCfg = Debug|Any CPU
		{8582A3BA-9C48-4C2D-BD63-701943986C2D}.Debug|Any CPU.Build.0 = Debug|Any CPU
		{8582A3BA-9C48-4C2D-BD63-701943986C2D}.Release|Any CPU.ActiveCfg = Release|Any CPU
		{8582A3BA-9C48-4C2D-BD63-701943986C2D}.Release|Any CPU.Build.0 = Release|Any CPU
	EndGlobalSection
	GlobalSection(SolutionProperties) = preSolution
		HideSolutionNode = FALSE
	EndGlobalSection
	GlobalSection(ExtensibilityGlobals) = postSolution
		SolutionGuid = {5BB3BCFA-CDF5-4899-88C1-C76FDC009199}
	EndGlobalSection
EndGlobal
